#MicroXplorer Configuration settings - do not modify
Mcu.Family=STM32F1
ProjectManager.MainLocation=Core/Src
PB13.GPIOParameters=GPIO_Label
PA6.Mode=Full_Duplex_Master
ProjectManager.ProjectFileName=SPICA.ioc
ADC1.Rank-0\#ChannelRegularConversion=1
PA7.Mode=Full_Duplex_Master
ProjectManager.KeepUserCode=true
Mcu.UserName=STM32F103RGTx
Mcu.PinsNb=14
SPI1.VirtualType=VM_MASTER
ProjectManager.NoMain=false
SPI1.IPParameters=VirtualType,Mode,Direction,CalculateBaudRate,VirtualNSS
ADC1.IPParameters=Rank-0\#ChannelRegularConversion,Channel-0\#ChannelRegularConversion,SamplingTime-0\#ChannelRegularConversion,NbrOfConversionFlag,master,NbrOfConversion
RCC.PLLCLKFreq_Value=8000000
PB14.GPIO_Label=LED2
ProjectManager.functionlistsort=1-SystemClock_Config-RCC-false-HAL-false,2-MX_GPIO_Init-GPIO-false-HAL-true,3-MX_ADC1_Init-ADC1-false-HAL-true,4-MX_SPI1_Init-SPI1-false-HAL-true
PC0.GPIOParameters=GPIO_Label
PC6.Signal=GPIO_Output
PC6.GPIO_Label=LED4
PC0.GPIO_Label=CONT1
ProjectManager.DefaultFWLocation=true
PD2.Locked=true
PD2.GPIOParameters=GPIO_Label
ProjectManager.DeletePrevious=true
PC0.Signal=ADCx_IN10
PB14.Locked=true
PC14-OSC32_IN.Signal=GPIO_Input
PB13.GPIO_Label=LED1
PB15.Signal=GPIO_Output
PB13.Signal=GPIO_Output
PinOutPanel.RotationAngle=0
RCC.FamilyName=M
ProjectManager.StackSize=0x400
PA13.Signal=SYS_JTMS-SWDIO
Mcu.IP4=SYS
NVIC.SVCall_IRQn=true\:0\:0\:false\:false\:true\:false\:false
Mcu.IP2=RCC
Mcu.IP3=SPI1
Mcu.IP0=ADC1
Mcu.IP1=NVIC
Mcu.UserConstants=
PA4.Mode=NSS_Signal_Hard_Output
ProjectManager.TargetToolchain=Makefile
Mcu.ThirdPartyNb=0
SPI1.Direction=SPI_DIRECTION_2LINES
Mcu.IPNb=5
ProjectManager.PreviousToolchain=
PC6.Locked=true
SPI1.CalculateBaudRate=4.0 MBits/s
Mcu.Pin6=PB13
Mcu.Pin7=PB14
ProjectManager.RegisterCallBack=
Mcu.Pin8=PB15
Mcu.Pin9=PC6
PB13.Locked=true
Mcu.Pin0=PC14-OSC32_IN
Mcu.Pin1=PC0
Mcu.Pin2=PA4
Mcu.Pin3=PA5
Mcu.Pin4=PA6
Mcu.Pin5=PA7
PB14.Signal=GPIO_Output
PA5.Signal=SPI1_SCK
ADC1.Channel-0\#ChannelRegularConversion=ADC_CHANNEL_10
ProjectManager.ProjectBuild=false
NVIC.UsageFault_IRQn=true\:0\:0\:false\:false\:true\:false\:false
NVIC.DebugMonitor_IRQn=true\:0\:0\:false\:false\:true\:false\:false
board=custom
PA4.Locked=true
NVIC.SysTick_IRQn=true\:0\:0\:false\:false\:true\:false\:true
ProjectManager.LastFirmware=true
ProjectManager.FirmwarePackage=STM32Cube FW_F1 V1.8.3
MxDb.Version=DB.6.0.0
RCC.APB2Freq_Value=8000000
ProjectManager.BackupPrevious=false
MxCube.Version=6.0.1
PB15.GPIO_Label=LED3
SPI1.Mode=SPI_MODE_MASTER
PA14.Mode=Serial_Wire
SH.ADCx_IN10.ConfNb=1
File.Version=6
VP_SYS_VS_Systick.Mode=SysTick
NVIC.NonMaskableInt_IRQn=true\:0\:0\:false\:false\:true\:false\:false
SPI1.VirtualNSS=VM_NSSHARD
NVIC.PendSV_IRQn=true\:0\:0\:false\:false\:true\:false\:false
PB15.GPIOParameters=GPIO_Label
ADC1.NbrOfConversion=1
PA13.Mode=Serial_Wire
ProjectManager.FreePins=false
RCC.IPParameters=APB1Freq_Value,APB2Freq_Value,FamilyName,PLLCLKFreq_Value,PLLMCOFreq_Value,TimSysFreq_Value
ProjectManager.AskForMigrate=true
Mcu.Name=STM32F103R(F-G)Tx
ProjectManager.HalAssertFull=false
ADC1.SamplingTime-0\#ChannelRegularConversion=ADC_SAMPLETIME_1CYCLE_5
PC14-OSC32_IN.GPIOParameters=GPIO_PuPd,GPIO_Label
ProjectManager.ProjectName=SPICA
ProjectManager.UnderRoot=false
RCC.PLLMCOFreq_Value=4000000
ProjectManager.CoupleFile=true
PA4.Signal=SPI1_NSS
Mcu.Package=LQFP64
PA6.Signal=SPI1_MISO
RCC.TimSysFreq_Value=8000000
ADC1.master=1
NVIC.ForceEnableDMAVector=true
KeepUserPlacement=false
NVIC.MemoryManagement_IRQn=true\:0\:0\:false\:false\:true\:false\:false
ProjectManager.CompilerOptimize=6
ProjectManager.ToolChainLocation=
VP_SYS_VS_Systick.Signal=SYS_VS_Systick
PA14.Signal=SYS_JTCK-SWCLK
SH.ADCx_IN10.0=ADC1_IN10,IN10
ProjectManager.HeapSize=0x200
NVIC.HardFault_IRQn=true\:0\:0\:false\:false\:true\:false\:false
Mcu.Pin13=VP_SYS_VS_Systick
PC6.GPIOParameters=GPIO_Label
PB14.GPIOParameters=GPIO_Label
ProjectManager.ComputerToolchain=false
NVIC.PriorityGroup=NVIC_PRIORITYGROUP_4
ADC1.NbrOfConversionFlag=1
Mcu.Pin11=PA14
Mcu.Pin12=PD2
Mcu.Pin10=PA13
NVIC.BusFault_IRQn=true\:0\:0\:false\:false\:true\:false\:false
PC14-OSC32_IN.GPIO_PuPd=GPIO_PULLUP
PC14-OSC32_IN.GPIO_Label=BUTTON
PD2.Signal=GPIO_Output
RCC.APB1Freq_Value=8000000
ProjectManager.CustomerFirmwarePackage=
PC0.Locked=true
ProjectManager.DeviceId=STM32F103RGTx
PC14-OSC32_IN.Locked=true
PD2.GPIO_Label=CHARGE1
ProjectManager.LibraryCopy=1
PB15.Locked=true
PA5.Mode=Full_Duplex_Master
PA7.Signal=SPI1_MOSI
